PODS:
  - amplify_auth_cognito (0.0.1):
    - Flutter
    - FlutterMacOS
  - amplify_datastore (0.0.1):
    - amplify_datastore/Amplify (= 0.0.1)
    - amplify_datastore/AWSDataStorePlugin (= 0.0.1)
    - amplify_datastore/AWSPluginsCore (= 0.0.1)
    - Flutter
    - Starscream (= 4.0.4)
  - amplify_datastore/Amplify (0.0.1):
    - Flutter
    - Starscream (= 4.0.4)
  - amplify_datastore/AWSDataStorePlugin (0.0.1):
    - amplify_datastore/Amplify
    - amplify_datastore/AWSPluginsCore
    - Flutter
    - SQLite.swift (= 0.13.2)
    - Starscream (= 4.0.4)
  - amplify_datastore/AWSPluginsCore (0.0.1):
    - amplify_datastore/Amplify
    - Flutter
    - Starscream (= 4.0.4)
  - amplify_secure_storage (0.0.1):
    - Flutter
  - connectivity_plus (0.0.1):
    - Flutter
    - FlutterMacOS
  - device_info_plus (0.0.1):
    - Flutter
  - Flutter (1.0.0)
  - flutter_blue (0.0.1):
    - Flutter
    - flutter_blue/Protos (= 0.0.1)
  - flutter_blue/Protos (0.0.1):
    - Flutter
    - Protobuf (~> 3.11.4)
  - flutter_blue_plus (0.0.1):
    - Flutter
  - package_info_plus (0.4.5):
    - Flutter
  - path_provider_foundation (0.0.1):
    - Flutter
    - FlutterMacOS
  - Protobuf (3.11.4)
  - SQLite.swift (0.13.2):
    - SQLite.swift/standard (= 0.13.2)
  - SQLite.swift/standard (0.13.2)
  - Starscream (4.0.4)

DEPENDENCIES:
  - amplify_auth_cognito (from `.symlinks/plugins/amplify_auth_cognito/darwin`)
  - amplify_datastore (from `.symlinks/plugins/amplify_datastore/ios`)
  - amplify_secure_storage (from `.symlinks/plugins/amplify_secure_storage/ios`)
  - connectivity_plus (from `.symlinks/plugins/connectivity_plus/darwin`)
  - device_info_plus (from `.symlinks/plugins/device_info_plus/ios`)
  - Flutter (from `Flutter`)
  - flutter_blue (from `.symlinks/plugins/flutter_blue/ios`)
  - flutter_blue_plus (from `.symlinks/plugins/flutter_blue_plus/ios`)
  - package_info_plus (from `.symlinks/plugins/package_info_plus/ios`)
  - path_provider_foundation (from `.symlinks/plugins/path_provider_foundation/darwin`)

SPEC REPOS:
  trunk:
    - Protobuf
    - SQLite.swift
    - Starscream

EXTERNAL SOURCES:
  amplify_auth_cognito:
    :path: ".symlinks/plugins/amplify_auth_cognito/darwin"
  amplify_datastore:
    :path: ".symlinks/plugins/amplify_datastore/ios"
  amplify_secure_storage:
    :path: ".symlinks/plugins/amplify_secure_storage/ios"
  connectivity_plus:
    :path: ".symlinks/plugins/connectivity_plus/darwin"
  device_info_plus:
    :path: ".symlinks/plugins/device_info_plus/ios"
  Flutter:
    :path: Flutter
  flutter_blue:
    :path: ".symlinks/plugins/flutter_blue/ios"
  flutter_blue_plus:
    :path: ".symlinks/plugins/flutter_blue_plus/ios"
  package_info_plus:
    :path: ".symlinks/plugins/package_info_plus/ios"
  path_provider_foundation:
    :path: ".symlinks/plugins/path_provider_foundation/darwin"

SPEC CHECKSUMS:
  amplify_auth_cognito: b76a0e367489da2b9a3c6e5a8ec74a72a0a7cc2f
  amplify_datastore: 5dddbe5665799be73a315f9cd4735621fcbbe425
  amplify_secure_storage: ede2a5027299bab196b8baa030ed3f4cf50ce9a9
  connectivity_plus: 18382e7311ba19efcaee94442b23b32507b20695
  device_info_plus: 97af1d7e84681a90d0693e63169a5d50e0839a0d
  Flutter: e0871f40cf51350855a761d2e70bf5af5b9b5de7
  flutter_blue: eeb381dc4727a0954dede73515f683865494b370
  flutter_blue_plus: 4837da7d00cf5d441fdd6635b3a57f936778ea96
  package_info_plus: c0502532a26c7662a62a356cebe2692ec5fe4ec4
  path_provider_foundation: 2b6b4c569c0fb62ec74538f866245ac84301af46
  Protobuf: 176220c526ad8bd09ab1fb40a978eac3fef665f7
  SQLite.swift: 4fc2be46c36392e3b87afe6fe7f1801c1daa07ef
  Starscream: 5178aed56b316f13fa3bc55694e583d35dd414d9

PODFILE CHECKSUM: a57f30d18f102dd3ce366b1d62a55ecbef2158e5

COCOAPODS: 1.16.2
